// !$*UTF8*$!
{
	archiveVersion = 1;
	classes = {
	};
	objectVersion = 51;
	objects = {

/* Begin PBXBuildFile section */
		289E9EF0F94542029D0840C4 /* Pods_Codeforces_Watcher_Codeforces_WatcherUITests.framework in Frameworks */ = {isa = PBXBuildFile; fileRef = AD211ABD1A4E948672A26359 /* Pods_Codeforces_Watcher_Codeforces_WatcherUITests.framework */; };
		3352406FDC5916F705E86498 /* ScopeFunc.swift in Sources */ = {isa = PBXBuildFile; fileRef = 335245D036E21019422CD972 /* ScopeFunc.swift */; };
		335240BE358E7469D97B1472 /* String+Extension.swift in Sources */ = {isa = PBXBuildFile; fileRef = 335242ABCB38C7140414CEC3 /* String+Extension.swift */; };
		335240DCD1989E341210D5E1 /* TimeInterval+Extension.swift in Sources */ = {isa = PBXBuildFile; fileRef = 335242CD59B4556413229680 /* TimeInterval+Extension.swift */; };
		33524345B234AE1F2804F64E /* Localizable.strings in Resources */ = {isa = PBXBuildFile; fileRef = 335240C0BF4B6E64B855CE0C /* Localizable.strings */; };
		335243A8CBE3634A99524B33 /* Roboto-Regular.ttf in Resources */ = {isa = PBXBuildFile; fileRef = 335242613B8CB2FCFF5CD07A /* Roboto-Regular.ttf */; };
		335243F2682C1A8F3A9AE1CA /* no-image.jpg in Resources */ = {isa = PBXBuildFile; fileRef = 33524E5965FC1E035C33B136 /* no-image.jpg */; };
		33524585031C11024879680D /* BlogEntryTableViewCell.swift in Sources */ = {isa = PBXBuildFile; fileRef = 335247DA370CF1DDFB7D2F20 /* BlogEntryTableViewCell.swift */; };
		335247826CC8C76840B8B161 /* ActionsViewController.swift in Sources */ = {isa = PBXBuildFile; fileRef = 335249729ED261CE9723E0AA /* ActionsViewController.swift */; };
		33524789EFFED3D6CA62DEE5 /* Palette.swift in Sources */ = {isa = PBXBuildFile; fileRef = 33524E1ACEE6A061F4A33389 /* Palette.swift */; };
		335248243065D1A2585B79FE /* ActionsTableViewAdapter.swift in Sources */ = {isa = PBXBuildFile; fileRef = 3352491D524E714A6252E83E /* ActionsTableViewAdapter.swift */; };
		335249EE055A0D7C9B31CE68 /* UITableView+Extension.swift in Sources */ = {isa = PBXBuildFile; fileRef = 33524EC038A57660683B8BFC /* UITableView+Extension.swift */; };
		33524AE3A0B0A7C674038501 /* UITableViewCell+Extension.swift in Sources */ = {isa = PBXBuildFile; fileRef = 3352498A40339DF8C6590EF4 /* UITableViewCell+Extension.swift */; };
		33524B39CED3D72F41F01C9B /* CardView.swift in Sources */ = {isa = PBXBuildFile; fileRef = 3352449F83A3B6FE1CA12CE9 /* CardView.swift */; };
		33524BC0E57CE4F3A2D1EC04 /* UIColor+Extension.swift in Sources */ = {isa = PBXBuildFile; fileRef = 335245916F723E42B7318479 /* UIColor+Extension.swift */; };
		33524D7137C7D47F8BE95703 /* CommentTableViewCell.swift in Sources */ = {isa = PBXBuildFile; fileRef = 33524702A30B2AD59D2D359E /* CommentTableViewCell.swift */; };
		33524DD18E818A18FEE9B1E8 /* ContestsRulesView.swift in Sources */ = {isa = PBXBuildFile; fileRef = 335241B8E54D2F60B3D7E581 /* ContestsRulesView.swift */; };
		33524E698A1B05C3FAB1E720 /* Font.swift in Sources */ = {isa = PBXBuildFile; fileRef = 335243CB89037FB5B889F9CD /* Font.swift */; };
		33524EA5619D62409125FD81 /* AppDelegate.swift in Sources */ = {isa = PBXBuildFile; fileRef = 33524D79129AF7DA2C68A75C /* AppDelegate.swift */; };
		33524FEAE56CD4737349DE6A /* Constants.swift in Sources */ = {isa = PBXBuildFile; fileRef = 3352491960327B2FC4E36E63 /* Constants.swift */; };
		633B4CF623E078380099EF41 /* FiltersViewController.swift in Sources */ = {isa = PBXBuildFile; fileRef = 633B4CF523E078380099EF41 /* FiltersViewController.swift */; };
		633B4CF823E07F150099EF41 /* FiltersTableViewAdapter.swift in Sources */ = {isa = PBXBuildFile; fileRef = 633B4CF723E07F150099EF41 /* FiltersTableViewAdapter.swift */; };
		633B4CFA23E083A10099EF41 /* FilterTableViewCell.swift in Sources */ = {isa = PBXBuildFile; fileRef = 633B4CF923E083A10099EF41 /* FilterTableViewCell.swift */; };
		63603E6923DF2ADC00F86BC0 /* Double+Extension.swift in Sources */ = {isa = PBXBuildFile; fileRef = 63603E6823DF2ADC00F86BC0 /* Double+Extension.swift */; };
		63736EFD23CF6405001E9AB9 /* ContestsViewController.swift in Sources */ = {isa = PBXBuildFile; fileRef = 63736EFC23CF6405001E9AB9 /* ContestsViewController.swift */; };
		63736F0023CF6557001E9AB9 /* ContestTableViewCell.swift in Sources */ = {isa = PBXBuildFile; fileRef = 63736EFF23CF6557001E9AB9 /* ContestTableViewCell.swift */; };
		63736F0923CF67FC001E9AB9 /* ContestsTableViewAdapter.swift in Sources */ = {isa = PBXBuildFile; fileRef = 63736F0823CF67FC001E9AB9 /* ContestsTableViewAdapter.swift */; };
		63736F1F23D1F2FD001E9AB9 /* ProblemsViewController.swift in Sources */ = {isa = PBXBuildFile; fileRef = 63736F1E23D1F2FD001E9AB9 /* ProblemsViewController.swift */; };
		63736F2123D1F336001E9AB9 /* ProblemTableViewCell.swift in Sources */ = {isa = PBXBuildFile; fileRef = 63736F2023D1F336001E9AB9 /* ProblemTableViewCell.swift */; };
		63736F2223D1F336001E9AB9 /* ProblemTableViewCell.swift in Sources */ = {isa = PBXBuildFile; fileRef = 63736F2023D1F336001E9AB9 /* ProblemTableViewCell.swift */; };
		63736F2323D1F336001E9AB9 /* ProblemTableViewCell.swift in Sources */ = {isa = PBXBuildFile; fileRef = 63736F2023D1F336001E9AB9 /* ProblemTableViewCell.swift */; };
		63736F2523D1F3EC001E9AB9 /* ProblemsTableViewAdapter.swift in Sources */ = {isa = PBXBuildFile; fileRef = 63736F2423D1F3EC001E9AB9 /* ProblemsTableViewAdapter.swift */; };
		63736F2623D1F3EC001E9AB9 /* ProblemsTableViewAdapter.swift in Sources */ = {isa = PBXBuildFile; fileRef = 63736F2423D1F3EC001E9AB9 /* ProblemsTableViewAdapter.swift */; };
		63736F2723D1F3EC001E9AB9 /* ProblemsTableViewAdapter.swift in Sources */ = {isa = PBXBuildFile; fileRef = 63736F2423D1F3EC001E9AB9 /* ProblemsTableViewAdapter.swift */; };
		638C392624361AC200DB33A3 /* IOSToastHandler.swift in Sources */ = {isa = PBXBuildFile; fileRef = 638C392524361AC100DB33A3 /* IOSToastHandler.swift */; };
		638C39282437277F00DB33A3 /* Prefs.swift in Sources */ = {isa = PBXBuildFile; fileRef = 638C39272437277F00DB33A3 /* Prefs.swift */; };
		6394361823BA116000B302A3 /* Codeforces_WatcherTests.swift in Sources */ = {isa = PBXBuildFile; fileRef = 6394361723BA116000B302A3 /* Codeforces_WatcherTests.swift */; };
		6394362323BA116000B302A3 /* Codeforces_WatcherUITests.swift in Sources */ = {isa = PBXBuildFile; fileRef = 6394362223BA116000B302A3 /* Codeforces_WatcherUITests.swift */; };
		63B342FF2448B8AB00734CC5 /* UserViewController.swift in Sources */ = {isa = PBXBuildFile; fileRef = 63B342FE2448B8AA00734CC5 /* UserViewController.swift */; };
		63B343022449C16100734CC5 /* UIViewController+Extension.swift in Sources */ = {isa = PBXBuildFile; fileRef = 63B343012449C16000734CC5 /* UIViewController+Extension.swift */; };
		63B343042449C31C00734CC5 /* UIViewControllerWithCross.swift in Sources */ = {isa = PBXBuildFile; fileRef = 63B343032449C31C00734CC5 /* UIViewControllerWithCross.swift */; };
		63B343072449E3BE00734CC5 /* ChartMarker.swift in Sources */ = {isa = PBXBuildFile; fileRef = 63B343062449E3BE00734CC5 /* ChartMarker.swift */; };
		63EAA0D0243EFF2500C234A8 /* FilterItem.swift in Sources */ = {isa = PBXBuildFile; fileRef = 63EAA0CF243EFF2400C234A8 /* FilterItem.swift */; };
		63EAA0D9244047DF00C234A8 /* Platform+Extension.swift in Sources */ = {isa = PBXBuildFile; fileRef = 63EAA0D8244047DF00C234A8 /* Platform+Extension.swift */; };
		63EAA0DB244051F100C234A8 /* UsersViewController.swift in Sources */ = {isa = PBXBuildFile; fileRef = 63EAA0DA244051F100C234A8 /* UsersViewController.swift */; };
		63EAA0E524445ABB00C234A8 /* CircleImageView.swift in Sources */ = {isa = PBXBuildFile; fileRef = 63EAA0E424445ABB00C234A8 /* CircleImageView.swift */; };
		63EAA0E72444719C00C234A8 /* UIViewControllerWithFab.swift in Sources */ = {isa = PBXBuildFile; fileRef = 63EAA0E62444719C00C234A8 /* UIViewControllerWithFab.swift */; };
		63EAA0EA244474DC00C234A8 /* SubheadingLabel.swift in Sources */ = {isa = PBXBuildFile; fileRef = 63EAA0E9244474DC00C234A8 /* SubheadingLabel.swift */; };
		63EAA0EC2444760300C234A8 /* BodyLabel.swift in Sources */ = {isa = PBXBuildFile; fileRef = 63EAA0EB2444760300C234A8 /* BodyLabel.swift */; };
		63EAA0EE244476C100C234A8 /* HeadingLabel.swift in Sources */ = {isa = PBXBuildFile; fileRef = 63EAA0ED244476C100C234A8 /* HeadingLabel.swift */; };
		63EAA0F024447EB000C234A8 /* PinnedPostCardView.swift in Sources */ = {isa = PBXBuildFile; fileRef = 63EAA0EF24447EB000C234A8 /* PinnedPostCardView.swift */; };
		63EAA0F22445AA3100C234A8 /* SubheadingBigLabel.swift in Sources */ = {isa = PBXBuildFile; fileRef = 63EAA0F12445AA3100C234A8 /* SubheadingBigLabel.swift */; };
		63EAA0F62445EA6600C234A8 /* UsersTableViewAdapter.swift in Sources */ = {isa = PBXBuildFile; fileRef = 63EAA0F52445EA6600C234A8 /* UsersTableViewAdapter.swift */; };
		63EAA0F92445EC9100C234A8 /* UserTableViewCell.swift in Sources */ = {isa = PBXBuildFile; fileRef = 63EAA0F82445EC9100C234A8 /* UserTableViewCell.swift */; };
		63EAA0FB2446FF6A00C234A8 /* NoItemsTableViewCell.swift in Sources */ = {isa = PBXBuildFile; fileRef = 63EAA0FA2446FF6A00C234A8 /* NoItemsTableViewCell.swift */; };
		63EAA0FE24470BA000C234A8 /* AddUserCardView.swift in Sources */ = {isa = PBXBuildFile; fileRef = 63EAA0FD24470BA000C234A8 /* AddUserCardView.swift */; };
		63EAA1002447121500C234A8 /* CommonTextField.swift in Sources */ = {isa = PBXBuildFile; fileRef = 63EAA0FF2447121500C234A8 /* CommonTextField.swift */; };
		63EAA102244854CA00C234A8 /* Roboto-Medium.ttf in Resources */ = {isa = PBXBuildFile; fileRef = 63EAA101244854CA00C234A8 /* Roboto-Medium.ttf */; };
		63EAA1052448554400C234A8 /* CommonButton.swift in Sources */ = {isa = PBXBuildFile; fileRef = 63EAA1042448554400C234A8 /* CommonButton.swift */; };
		63EAA1072448749200C234A8 /* UsersPickerViewAdapter.swift in Sources */ = {isa = PBXBuildFile; fileRef = 63EAA1062448749200C234A8 /* UsersPickerViewAdapter.swift */; };
		63EB12EF23CF1B310013A974 /* GoogleService-Info.plist in Resources */ = {isa = PBXBuildFile; fileRef = 63EB12EE23CF1B310013A974 /* GoogleService-Info.plist */; };
		63EB130123CF3F830013A974 /* MainViewController.swift in Sources */ = {isa = PBXBuildFile; fileRef = 63EB130023CF3F830013A974 /* MainViewController.swift */; };
		63F02C002462E8F700B1CD2C /* FeedbackController.swift in Sources */ = {isa = PBXBuildFile; fileRef = 63F02BFF2462E8F700B1CD2C /* FeedbackController.swift */; };
		63F02C022462EF1D00B1CD2C /* RateUsCardView.swift in Sources */ = {isa = PBXBuildFile; fileRef = 63F02C012462EF1D00B1CD2C /* RateUsCardView.swift */; };
		63F02C042462F0B000B1CD2C /* SmallButton.swift in Sources */ = {isa = PBXBuildFile; fileRef = 63F02C032462F0B000B1CD2C /* SmallButton.swift */; };
		63FB270923E1AA50005F19F1 /* WebViewController.swift in Sources */ = {isa = PBXBuildFile; fileRef = 63FB270823E1AA50005F19F1 /* WebViewController.swift */; };
		81D54EFD7E15F2074176AB51 /* Pods_Codeforces_WatcherTests.framework in Frameworks */ = {isa = PBXBuildFile; fileRef = 297CD9C414FA273DDE07E54F /* Pods_Codeforces_WatcherTests.framework */; };
		B1E1B3EB23C9040C006A7347 /* Pods_Codeforces_Watcher.framework in Frameworks */ = {isa = PBXBuildFile; fileRef = B1E1B3EA23C9040C006A7347 /* Pods_Codeforces_Watcher.framework */; };
		B1E1B3F423C91D51006A7347 /* Assets.xcassets in Resources */ = {isa = PBXBuildFile; fileRef = B1E1B3F323C91D51006A7347 /* Assets.xcassets */; };
/* End PBXBuildFile section */

/* Begin PBXContainerItemProxy section */
		6394361423BA116000B302A3 /* PBXContainerItemProxy */ = {
			isa = PBXContainerItemProxy;
			containerPortal = 639435F523BA115C00B302A3 /* Project object */;
			proxyType = 1;
			remoteGlobalIDString = 639435FC23BA115C00B302A3;
			remoteInfo = "Codeforces Watcher";
		};
		6394361F23BA116000B302A3 /* PBXContainerItemProxy */ = {
			isa = PBXContainerItemProxy;
			containerPortal = 639435F523BA115C00B302A3 /* Project object */;
			proxyType = 1;
			remoteGlobalIDString = 639435FC23BA115C00B302A3;
			remoteInfo = "Codeforces Watcher";
		};
/* End PBXContainerItemProxy section */

/* Begin PBXFileReference section */
		24B599C93F574D973F8BE91E /* Pods-Codeforces Watcher-Codeforces WatcherUITests.debug.xcconfig */ = {isa = PBXFileReference; includeInIndex = 1; lastKnownFileType = text.xcconfig; name = "Pods-Codeforces Watcher-Codeforces WatcherUITests.debug.xcconfig"; path = "Target Support Files/Pods-Codeforces Watcher-Codeforces WatcherUITests/Pods-Codeforces Watcher-Codeforces WatcherUITests.debug.xcconfig"; sourceTree = "<group>"; };
		297CD9C414FA273DDE07E54F /* Pods_Codeforces_WatcherTests.framework */ = {isa = PBXFileReference; explicitFileType = wrapper.framework; includeInIndex = 0; path = Pods_Codeforces_WatcherTests.framework; sourceTree = BUILT_PRODUCTS_DIR; };
		335241B8E54D2F60B3D7E581 /* ContestsRulesView.swift */ = {isa = PBXFileReference; fileEncoding = 4; lastKnownFileType = sourcecode.swift; path = ContestsRulesView.swift; sourceTree = "<group>"; };
		335242613B8CB2FCFF5CD07A /* Roboto-Regular.ttf */ = {isa = PBXFileReference; lastKnownFileType = file; path = "Roboto-Regular.ttf"; sourceTree = "<group>"; };
		335242ABCB38C7140414CEC3 /* String+Extension.swift */ = {isa = PBXFileReference; fileEncoding = 4; lastKnownFileType = sourcecode.swift; path = "String+Extension.swift"; sourceTree = "<group>"; };
		335242CD59B4556413229680 /* TimeInterval+Extension.swift */ = {isa = PBXFileReference; fileEncoding = 4; lastKnownFileType = sourcecode.swift; path = "TimeInterval+Extension.swift"; sourceTree = "<group>"; };
		335243CB89037FB5B889F9CD /* Font.swift */ = {isa = PBXFileReference; fileEncoding = 4; lastKnownFileType = sourcecode.swift; path = Font.swift; sourceTree = "<group>"; };
		3352449F83A3B6FE1CA12CE9 /* CardView.swift */ = {isa = PBXFileReference; fileEncoding = 4; lastKnownFileType = sourcecode.swift; path = CardView.swift; sourceTree = "<group>"; };
		335245916F723E42B7318479 /* UIColor+Extension.swift */ = {isa = PBXFileReference; fileEncoding = 4; lastKnownFileType = sourcecode.swift; path = "UIColor+Extension.swift"; sourceTree = "<group>"; };
		335245D036E21019422CD972 /* ScopeFunc.swift */ = {isa = PBXFileReference; fileEncoding = 4; lastKnownFileType = sourcecode.swift; path = ScopeFunc.swift; sourceTree = "<group>"; };
		3352466D562397EB9C2CE83E /* Base */ = {isa = PBXFileReference; fileEncoding = 4; lastKnownFileType = text.plist.strings; name = Base; path = Localizable.strings; sourceTree = "<group>"; };
		33524702A30B2AD59D2D359E /* CommentTableViewCell.swift */ = {isa = PBXFileReference; fileEncoding = 4; lastKnownFileType = sourcecode.swift; path = CommentTableViewCell.swift; sourceTree = "<group>"; };
		335247DA370CF1DDFB7D2F20 /* BlogEntryTableViewCell.swift */ = {isa = PBXFileReference; fileEncoding = 4; lastKnownFileType = sourcecode.swift; path = BlogEntryTableViewCell.swift; sourceTree = "<group>"; };
		3352491960327B2FC4E36E63 /* Constants.swift */ = {isa = PBXFileReference; fileEncoding = 4; lastKnownFileType = sourcecode.swift; path = Constants.swift; sourceTree = "<group>"; };
		3352491D524E714A6252E83E /* ActionsTableViewAdapter.swift */ = {isa = PBXFileReference; fileEncoding = 4; lastKnownFileType = sourcecode.swift; path = ActionsTableViewAdapter.swift; sourceTree = "<group>"; };
		335249729ED261CE9723E0AA /* ActionsViewController.swift */ = {isa = PBXFileReference; fileEncoding = 4; lastKnownFileType = sourcecode.swift; path = ActionsViewController.swift; sourceTree = "<group>"; };
		3352498A40339DF8C6590EF4 /* UITableViewCell+Extension.swift */ = {isa = PBXFileReference; fileEncoding = 4; lastKnownFileType = sourcecode.swift; path = "UITableViewCell+Extension.swift"; sourceTree = "<group>"; };
		33524D79129AF7DA2C68A75C /* AppDelegate.swift */ = {isa = PBXFileReference; fileEncoding = 4; lastKnownFileType = sourcecode.swift; path = AppDelegate.swift; sourceTree = "<group>"; };
		33524E1ACEE6A061F4A33389 /* Palette.swift */ = {isa = PBXFileReference; fileEncoding = 4; lastKnownFileType = sourcecode.swift; path = Palette.swift; sourceTree = "<group>"; };
		33524E5965FC1E035C33B136 /* no-image.jpg */ = {isa = PBXFileReference; lastKnownFileType = image.jpeg; path = "no-image.jpg"; sourceTree = "<group>"; };
		33524EC038A57660683B8BFC /* UITableView+Extension.swift */ = {isa = PBXFileReference; fileEncoding = 4; lastKnownFileType = sourcecode.swift; path = "UITableView+Extension.swift"; sourceTree = "<group>"; };
		633B4CF523E078380099EF41 /* FiltersViewController.swift */ = {isa = PBXFileReference; lastKnownFileType = sourcecode.swift; path = FiltersViewController.swift; sourceTree = "<group>"; };
		633B4CF723E07F150099EF41 /* FiltersTableViewAdapter.swift */ = {isa = PBXFileReference; lastKnownFileType = sourcecode.swift; path = FiltersTableViewAdapter.swift; sourceTree = "<group>"; };
		633B4CF923E083A10099EF41 /* FilterTableViewCell.swift */ = {isa = PBXFileReference; lastKnownFileType = sourcecode.swift; path = FilterTableViewCell.swift; sourceTree = "<group>"; };
		63603E6823DF2ADC00F86BC0 /* Double+Extension.swift */ = {isa = PBXFileReference; lastKnownFileType = sourcecode.swift; path = "Double+Extension.swift"; sourceTree = "<group>"; };
		63736EFC23CF6405001E9AB9 /* ContestsViewController.swift */ = {isa = PBXFileReference; lastKnownFileType = sourcecode.swift; path = ContestsViewController.swift; sourceTree = "<group>"; };
		63736EFF23CF6557001E9AB9 /* ContestTableViewCell.swift */ = {isa = PBXFileReference; lastKnownFileType = sourcecode.swift; path = ContestTableViewCell.swift; sourceTree = "<group>"; };
		63736F0823CF67FC001E9AB9 /* ContestsTableViewAdapter.swift */ = {isa = PBXFileReference; lastKnownFileType = sourcecode.swift; path = ContestsTableViewAdapter.swift; sourceTree = "<group>"; };
		63736F1E23D1F2FD001E9AB9 /* ProblemsViewController.swift */ = {isa = PBXFileReference; lastKnownFileType = sourcecode.swift; path = ProblemsViewController.swift; sourceTree = "<group>"; };
		63736F2023D1F336001E9AB9 /* ProblemTableViewCell.swift */ = {isa = PBXFileReference; lastKnownFileType = sourcecode.swift; path = ProblemTableViewCell.swift; sourceTree = "<group>"; };
		63736F2423D1F3EC001E9AB9 /* ProblemsTableViewAdapter.swift */ = {isa = PBXFileReference; lastKnownFileType = sourcecode.swift; path = ProblemsTableViewAdapter.swift; sourceTree = "<group>"; };
		638C392524361AC100DB33A3 /* IOSToastHandler.swift */ = {isa = PBXFileReference; lastKnownFileType = sourcecode.swift; path = IOSToastHandler.swift; sourceTree = "<group>"; };
		638C39272437277F00DB33A3 /* Prefs.swift */ = {isa = PBXFileReference; lastKnownFileType = sourcecode.swift; path = Prefs.swift; sourceTree = "<group>"; };
		639435FD23BA115C00B302A3 /* Codeforces WatchR.app */ = {isa = PBXFileReference; explicitFileType = wrapper.application; includeInIndex = 0; path = "Codeforces WatchR.app"; sourceTree = BUILT_PRODUCTS_DIR; };
		6394360E23BA116000B302A3 /* Info.plist */ = {isa = PBXFileReference; lastKnownFileType = text.plist.xml; path = Info.plist; sourceTree = "<group>"; };
		6394361323BA116000B302A3 /* Codeforces WatcherTests.xctest */ = {isa = PBXFileReference; explicitFileType = wrapper.cfbundle; includeInIndex = 0; path = "Codeforces WatcherTests.xctest"; sourceTree = BUILT_PRODUCTS_DIR; };
		6394361723BA116000B302A3 /* Codeforces_WatcherTests.swift */ = {isa = PBXFileReference; lastKnownFileType = sourcecode.swift; path = Codeforces_WatcherTests.swift; sourceTree = "<group>"; };
		6394361923BA116000B302A3 /* Info.plist */ = {isa = PBXFileReference; lastKnownFileType = text.plist.xml; path = Info.plist; sourceTree = "<group>"; };
		6394361E23BA116000B302A3 /* Codeforces WatcherUITests.xctest */ = {isa = PBXFileReference; explicitFileType = wrapper.cfbundle; includeInIndex = 0; path = "Codeforces WatcherUITests.xctest"; sourceTree = BUILT_PRODUCTS_DIR; };
		6394362223BA116000B302A3 /* Codeforces_WatcherUITests.swift */ = {isa = PBXFileReference; lastKnownFileType = sourcecode.swift; path = Codeforces_WatcherUITests.swift; sourceTree = "<group>"; };
		6394362423BA116000B302A3 /* Info.plist */ = {isa = PBXFileReference; lastKnownFileType = text.plist.xml; path = Info.plist; sourceTree = "<group>"; };
		63B342FE2448B8AA00734CC5 /* UserViewController.swift */ = {isa = PBXFileReference; lastKnownFileType = sourcecode.swift; path = UserViewController.swift; sourceTree = "<group>"; };
		63B343012449C16000734CC5 /* UIViewController+Extension.swift */ = {isa = PBXFileReference; lastKnownFileType = sourcecode.swift; path = "UIViewController+Extension.swift"; sourceTree = "<group>"; };
		63B343032449C31C00734CC5 /* UIViewControllerWithCross.swift */ = {isa = PBXFileReference; lastKnownFileType = sourcecode.swift; path = UIViewControllerWithCross.swift; sourceTree = "<group>"; };
		63B343062449E3BE00734CC5 /* ChartMarker.swift */ = {isa = PBXFileReference; lastKnownFileType = sourcecode.swift; path = ChartMarker.swift; sourceTree = "<group>"; };
		63EAA0CF243EFF2400C234A8 /* FilterItem.swift */ = {isa = PBXFileReference; lastKnownFileType = sourcecode.swift; path = FilterItem.swift; sourceTree = "<group>"; };
		63EAA0D8244047DF00C234A8 /* Platform+Extension.swift */ = {isa = PBXFileReference; lastKnownFileType = sourcecode.swift; path = "Platform+Extension.swift"; sourceTree = "<group>"; };
		63EAA0DA244051F100C234A8 /* UsersViewController.swift */ = {isa = PBXFileReference; lastKnownFileType = sourcecode.swift; path = UsersViewController.swift; sourceTree = "<group>"; };
		63EAA0E424445ABB00C234A8 /* CircleImageView.swift */ = {isa = PBXFileReference; lastKnownFileType = sourcecode.swift; path = CircleImageView.swift; sourceTree = "<group>"; };
		63EAA0E62444719C00C234A8 /* UIViewControllerWithFab.swift */ = {isa = PBXFileReference; lastKnownFileType = sourcecode.swift; path = UIViewControllerWithFab.swift; sourceTree = "<group>"; };
		63EAA0E9244474DC00C234A8 /* SubheadingLabel.swift */ = {isa = PBXFileReference; lastKnownFileType = sourcecode.swift; path = SubheadingLabel.swift; sourceTree = "<group>"; };
		63EAA0EB2444760300C234A8 /* BodyLabel.swift */ = {isa = PBXFileReference; lastKnownFileType = sourcecode.swift; path = BodyLabel.swift; sourceTree = "<group>"; };
		63EAA0ED244476C100C234A8 /* HeadingLabel.swift */ = {isa = PBXFileReference; lastKnownFileType = sourcecode.swift; path = HeadingLabel.swift; sourceTree = "<group>"; };
		63EAA0EF24447EB000C234A8 /* PinnedPostCardView.swift */ = {isa = PBXFileReference; lastKnownFileType = sourcecode.swift; path = PinnedPostCardView.swift; sourceTree = "<group>"; };
		63EAA0F12445AA3100C234A8 /* SubheadingBigLabel.swift */ = {isa = PBXFileReference; lastKnownFileType = sourcecode.swift; path = SubheadingBigLabel.swift; sourceTree = "<group>"; };
		63EAA0F52445EA6600C234A8 /* UsersTableViewAdapter.swift */ = {isa = PBXFileReference; lastKnownFileType = sourcecode.swift; path = UsersTableViewAdapter.swift; sourceTree = "<group>"; };
		63EAA0F82445EC9100C234A8 /* UserTableViewCell.swift */ = {isa = PBXFileReference; lastKnownFileType = sourcecode.swift; path = UserTableViewCell.swift; sourceTree = "<group>"; };
		63EAA0FA2446FF6A00C234A8 /* NoItemsTableViewCell.swift */ = {isa = PBXFileReference; lastKnownFileType = sourcecode.swift; path = NoItemsTableViewCell.swift; sourceTree = "<group>"; };
		63EAA0FD24470BA000C234A8 /* AddUserCardView.swift */ = {isa = PBXFileReference; lastKnownFileType = sourcecode.swift; path = AddUserCardView.swift; sourceTree = "<group>"; };
		63EAA0FF2447121500C234A8 /* CommonTextField.swift */ = {isa = PBXFileReference; lastKnownFileType = sourcecode.swift; path = CommonTextField.swift; sourceTree = "<group>"; };
		63EAA101244854CA00C234A8 /* Roboto-Medium.ttf */ = {isa = PBXFileReference; lastKnownFileType = file; path = "Roboto-Medium.ttf"; sourceTree = "<group>"; };
		63EAA1042448554400C234A8 /* CommonButton.swift */ = {isa = PBXFileReference; lastKnownFileType = sourcecode.swift; path = CommonButton.swift; sourceTree = "<group>"; };
		63EAA1062448749200C234A8 /* UsersPickerViewAdapter.swift */ = {isa = PBXFileReference; lastKnownFileType = sourcecode.swift; path = UsersPickerViewAdapter.swift; sourceTree = "<group>"; };
		63EB12EE23CF1B310013A974 /* GoogleService-Info.plist */ = {isa = PBXFileReference; fileEncoding = 4; lastKnownFileType = text.plist.xml; path = "GoogleService-Info.plist"; sourceTree = "<group>"; };
		63EB130023CF3F830013A974 /* MainViewController.swift */ = {isa = PBXFileReference; lastKnownFileType = sourcecode.swift; path = MainViewController.swift; sourceTree = "<group>"; };
		63F02BFC246083C300B1CD2C /* hi */ = {isa = PBXFileReference; lastKnownFileType = text.plist.strings; name = hi; path = ../hi.lproj/Localizable.strings; sourceTree = "<group>"; };
		63F02BFD24608D2600B1CD2C /* ru */ = {isa = PBXFileReference; lastKnownFileType = text.plist.strings; name = ru; path = ../ru.lproj/Localizable.strings; sourceTree = "<group>"; };
		63F02BFE2461617E00B1CD2C /* uk */ = {isa = PBXFileReference; lastKnownFileType = text.plist.strings; name = uk; path = ../uk.lproj/Localizable.strings; sourceTree = "<group>"; };
		63F02BFF2462E8F700B1CD2C /* FeedbackController.swift */ = {isa = PBXFileReference; lastKnownFileType = sourcecode.swift; path = FeedbackController.swift; sourceTree = "<group>"; };
		63F02C012462EF1D00B1CD2C /* RateUsCardView.swift */ = {isa = PBXFileReference; lastKnownFileType = sourcecode.swift; path = RateUsCardView.swift; sourceTree = "<group>"; };
		63F02C032462F0B000B1CD2C /* SmallButton.swift */ = {isa = PBXFileReference; lastKnownFileType = sourcecode.swift; path = SmallButton.swift; sourceTree = "<group>"; };
		63FB270823E1AA50005F19F1 /* WebViewController.swift */ = {isa = PBXFileReference; lastKnownFileType = sourcecode.swift; path = WebViewController.swift; sourceTree = "<group>"; };
		AD211ABD1A4E948672A26359 /* Pods_Codeforces_Watcher_Codeforces_WatcherUITests.framework */ = {isa = PBXFileReference; explicitFileType = wrapper.framework; includeInIndex = 0; path = Pods_Codeforces_Watcher_Codeforces_WatcherUITests.framework; sourceTree = BUILT_PRODUCTS_DIR; };
		B1E1B3E723C9033A006A7347 /* Pods_Codeforces_Watcher.framework */ = {isa = PBXFileReference; explicitFileType = wrapper.framework; path = Pods_Codeforces_Watcher.framework; sourceTree = BUILT_PRODUCTS_DIR; };
		B1E1B3EA23C9040C006A7347 /* Pods_Codeforces_Watcher.framework */ = {isa = PBXFileReference; explicitFileType = wrapper.framework; path = Pods_Codeforces_Watcher.framework; sourceTree = BUILT_PRODUCTS_DIR; };
		B1E1B3F323C91D51006A7347 /* Assets.xcassets */ = {isa = PBXFileReference; lastKnownFileType = folder.assetcatalog; path = Assets.xcassets; sourceTree = "<group>"; };
		C49F341E5A0DE5F18995C4B2 /* Pods-Codeforces Watcher.release.xcconfig */ = {isa = PBXFileReference; includeInIndex = 1; lastKnownFileType = text.xcconfig; name = "Pods-Codeforces Watcher.release.xcconfig"; path = "Target Support Files/Pods-Codeforces Watcher/Pods-Codeforces Watcher.release.xcconfig"; sourceTree = "<group>"; };
		D2AFDC797637A39319298A16 /* Pods-Codeforces WatcherTests.debug.xcconfig */ = {isa = PBXFileReference; includeInIndex = 1; lastKnownFileType = text.xcconfig; name = "Pods-Codeforces WatcherTests.debug.xcconfig"; path = "Target Support Files/Pods-Codeforces WatcherTests/Pods-Codeforces WatcherTests.debug.xcconfig"; sourceTree = "<group>"; };
		DD2B51C23F440C8D7D81F669 /* Pods-Codeforces WatcherTests.release.xcconfig */ = {isa = PBXFileReference; includeInIndex = 1; lastKnownFileType = text.xcconfig; name = "Pods-Codeforces WatcherTests.release.xcconfig"; path = "Target Support Files/Pods-Codeforces WatcherTests/Pods-Codeforces WatcherTests.release.xcconfig"; sourceTree = "<group>"; };
		EC11D9D95EDB6739ECB3CF80 /* Pods-Codeforces Watcher-Codeforces WatcherUITests.release.xcconfig */ = {isa = PBXFileReference; includeInIndex = 1; lastKnownFileType = text.xcconfig; name = "Pods-Codeforces Watcher-Codeforces WatcherUITests.release.xcconfig"; path = "Target Support Files/Pods-Codeforces Watcher-Codeforces WatcherUITests/Pods-Codeforces Watcher-Codeforces WatcherUITests.release.xcconfig"; sourceTree = "<group>"; };
		F8482A7E5F2C02DC16FE0A9D /* Pods-Codeforces Watcher.debug.xcconfig */ = {isa = PBXFileReference; includeInIndex = 1; lastKnownFileType = text.xcconfig; name = "Pods-Codeforces Watcher.debug.xcconfig"; path = "Target Support Files/Pods-Codeforces Watcher/Pods-Codeforces Watcher.debug.xcconfig"; sourceTree = "<group>"; };
/* End PBXFileReference section */

/* Begin PBXFrameworksBuildPhase section */
		639435FA23BA115C00B302A3 /* Frameworks */ = {
			isa = PBXFrameworksBuildPhase;
			buildActionMask = 2147483647;
			files = (
				B1E1B3EB23C9040C006A7347 /* Pods_Codeforces_Watcher.framework in Frameworks */,
			);
			runOnlyForDeploymentPostprocessing = 0;
		};
		6394361023BA116000B302A3 /* Frameworks */ = {
			isa = PBXFrameworksBuildPhase;
			buildActionMask = 2147483647;
			files = (
				81D54EFD7E15F2074176AB51 /* Pods_Codeforces_WatcherTests.framework in Frameworks */,
			);
			runOnlyForDeploymentPostprocessing = 0;
		};
		6394361B23BA116000B302A3 /* Frameworks */ = {
			isa = PBXFrameworksBuildPhase;
			buildActionMask = 2147483647;
			files = (
				289E9EF0F94542029D0840C4 /* Pods_Codeforces_Watcher_Codeforces_WatcherUITests.framework in Frameworks */,
			);
			runOnlyForDeploymentPostprocessing = 0;
		};
/* End PBXFrameworksBuildPhase section */

/* Begin PBXGroup section */
		0926DF38F34276834EAE2D54 /* Frameworks */ = {
			isa = PBXGroup;
			children = (
				B1E1B3EA23C9040C006A7347 /* Pods_Codeforces_Watcher.framework */,
				B1E1B3E723C9033A006A7347 /* Pods_Codeforces_Watcher.framework */,
				AD211ABD1A4E948672A26359 /* Pods_Codeforces_Watcher_Codeforces_WatcherUITests.framework */,
				297CD9C414FA273DDE07E54F /* Pods_Codeforces_WatcherTests.framework */,
			);
			name = Frameworks;
			sourceTree = "<group>";
		};
		3352401A97D8267FCF1ED0D5 /* features */ = {
			isa = PBXGroup;
			children = (
				33524334DF2CD89E83BDE8E8 /* users */,
				335243E7E505EA092F706EDC /* actions */,
				63EB12F223CF24F10013A974 /* contests */,
				63736F1A23D1F29E001E9AB9 /* problems */,
				63EAA0C9243DFBD000C234A8 /* common */,
				33524D79129AF7DA2C68A75C /* AppDelegate.swift */,
				63EB130023CF3F830013A974 /* MainViewController.swift */,
			);
			path = features;
			sourceTree = "<group>";
		};
		33524054482033852C86FC29 /* extensions */ = {
			isa = PBXGroup;
			children = (
				335242ABCB38C7140414CEC3 /* String+Extension.swift */,
				335245916F723E42B7318479 /* UIColor+Extension.swift */,
				335245D036E21019422CD972 /* ScopeFunc.swift */,
				335242CD59B4556413229680 /* TimeInterval+Extension.swift */,
				63603E6823DF2ADC00F86BC0 /* Double+Extension.swift */,
				63EAA0D8244047DF00C234A8 /* Platform+Extension.swift */,
				63B343012449C16000734CC5 /* UIViewController+Extension.swift */,
				335247F739C05D9BDD4FD646 /* tableView */,
			);
			path = extensions;
			sourceTree = "<group>";
		};
		335240F7C9F81BE76F32A381 /* Application */ = {
			isa = PBXGroup;
			children = (
				335248C24FD35FB395EBDCF6 /* core */,
				3352401A97D8267FCF1ED0D5 /* features */,
				63EAA0D1243F264900C234A8 /* utils */,
				33524AFABB95461924E2C987 /* components */,
			);
			path = Application;
			sourceTree = "<group>";
		};
		33524334DF2CD89E83BDE8E8 /* users */ = {
			isa = PBXGroup;
			children = (
				63B343052449E39600734CC5 /* models */,
				63B343002448B8BA00734CC5 /* adapters */,
				63EAA0F72445EAB700C234A8 /* cells */,
				63EAA0DA244051F100C234A8 /* UsersViewController.swift */,
				63B342FE2448B8AA00734CC5 /* UserViewController.swift */,
			);
			path = users;
			sourceTree = "<group>";
		};
		335243E7E505EA092F706EDC /* actions */ = {
			isa = PBXGroup;
			children = (
				3352445F340E7D48E59B21A0 /* cells */,
				335249729ED261CE9723E0AA /* ActionsViewController.swift */,
				3352491D524E714A6252E83E /* ActionsTableViewAdapter.swift */,
			);
			path = actions;
			sourceTree = "<group>";
		};
		3352445F340E7D48E59B21A0 /* cells */ = {
			isa = PBXGroup;
			children = (
				33524702A30B2AD59D2D359E /* CommentTableViewCell.swift */,
				335247DA370CF1DDFB7D2F20 /* BlogEntryTableViewCell.swift */,
			);
			path = cells;
			sourceTree = "<group>";
		};
		335247F739C05D9BDD4FD646 /* tableView */ = {
			isa = PBXGroup;
			children = (
				33524EC038A57660683B8BFC /* UITableView+Extension.swift */,
				3352498A40339DF8C6590EF4 /* UITableViewCell+Extension.swift */,
			);
			path = tableView;
			sourceTree = "<group>";
		};
		335248926FCBDB39A48BE7D7 /* Base.lproj */ = {
			isa = PBXGroup;
			children = (
				335240C0BF4B6E64B855CE0C /* Localizable.strings */,
			);
			path = Base.lproj;
			sourceTree = "<group>";
		};
		335248C24FD35FB395EBDCF6 /* core */ = {
			isa = PBXGroup;
			children = (
				33524E078256F0CC0DE2C912 /* design */,
				33524054482033852C86FC29 /* extensions */,
				3352491960327B2FC4E36E63 /* Constants.swift */,
			);
			path = core;
			sourceTree = "<group>";
		};
		33524AFABB95461924E2C987 /* components */ = {
			isa = PBXGroup;
			children = (
				63EAA1032448553500C234A8 /* buttons */,
				63EAA0FC24470B8B00C234A8 /* cardViews */,
				63EAA0E8244474BB00C234A8 /* labels */,
				63EAA0E424445ABB00C234A8 /* CircleImageView.swift */,
				335241B8E54D2F60B3D7E581 /* ContestsRulesView.swift */,
				63EAA0FF2447121500C234A8 /* CommonTextField.swift */,
				63F02BFF2462E8F700B1CD2C /* FeedbackController.swift */,
			);
			path = components;
			sourceTree = "<group>";
		};
		33524D72368A43AD1FFD2F9E /* Resources */ = {
			isa = PBXGroup;
			children = (
				335248926FCBDB39A48BE7D7 /* Base.lproj */,
				63EAA0D2243F278100C234A8 /* images */,
				63EAA0D3243F278B00C234A8 /* fonts */,
				B1E1B3F323C91D51006A7347 /* Assets.xcassets */,
			);
			path = Resources;
			sourceTree = "<group>";
		};
		33524E078256F0CC0DE2C912 /* design */ = {
			isa = PBXGroup;
			children = (
				335243CB89037FB5B889F9CD /* Font.swift */,
				33524E1ACEE6A061F4A33389 /* Palette.swift */,
			);
			path = design;
			sourceTree = "<group>";
		};
		517BB89DF300DA84D1E7F296 /* Pods */ = {
			isa = PBXGroup;
			children = (
				F8482A7E5F2C02DC16FE0A9D /* Pods-Codeforces Watcher.debug.xcconfig */,
				C49F341E5A0DE5F18995C4B2 /* Pods-Codeforces Watcher.release.xcconfig */,
				24B599C93F574D973F8BE91E /* Pods-Codeforces Watcher-Codeforces WatcherUITests.debug.xcconfig */,
				EC11D9D95EDB6739ECB3CF80 /* Pods-Codeforces Watcher-Codeforces WatcherUITests.release.xcconfig */,
				D2AFDC797637A39319298A16 /* Pods-Codeforces WatcherTests.debug.xcconfig */,
				DD2B51C23F440C8D7D81F669 /* Pods-Codeforces WatcherTests.release.xcconfig */,
			);
			path = Pods;
			sourceTree = "<group>";
		};
		63736EFE23CF6523001E9AB9 /* cells */ = {
			isa = PBXGroup;
			children = (
				63736EFF23CF6557001E9AB9 /* ContestTableViewCell.swift */,
			);
			path = cells;
			sourceTree = "<group>";
		};
		63736F1A23D1F29E001E9AB9 /* problems */ = {
			isa = PBXGroup;
			children = (
				63736F1B23D1F2D7001E9AB9 /* cells */,
				63736F1E23D1F2FD001E9AB9 /* ProblemsViewController.swift */,
				63736F2423D1F3EC001E9AB9 /* ProblemsTableViewAdapter.swift */,
			);
			path = problems;
			sourceTree = "<group>";
		};
		63736F1B23D1F2D7001E9AB9 /* cells */ = {
			isa = PBXGroup;
			children = (
				63736F2023D1F336001E9AB9 /* ProblemTableViewCell.swift */,
			);
			path = cells;
			sourceTree = "<group>";
		};
		639435F423BA115C00B302A3 = {
			isa = PBXGroup;
			children = (
				639435FF23BA115C00B302A3 /* Codeforces Watcher */,
				6394361623BA116000B302A3 /* Codeforces WatcherTests */,
				6394362123BA116000B302A3 /* Codeforces WatcherUITests */,
				639435FE23BA115C00B302A3 /* Products */,
				517BB89DF300DA84D1E7F296 /* Pods */,
				0926DF38F34276834EAE2D54 /* Frameworks */,
			);
			sourceTree = "<group>";
		};
		639435FE23BA115C00B302A3 /* Products */ = {
			isa = PBXGroup;
			children = (
				639435FD23BA115C00B302A3 /* Codeforces WatchR.app */,
				6394361323BA116000B302A3 /* Codeforces WatcherTests.xctest */,
				6394361E23BA116000B302A3 /* Codeforces WatcherUITests.xctest */,
			);
			name = Products;
			sourceTree = "<group>";
		};
		639435FF23BA115C00B302A3 /* Codeforces Watcher */ = {
			isa = PBXGroup;
			children = (
				63EB12EE23CF1B310013A974 /* GoogleService-Info.plist */,
				6394360E23BA116000B302A3 /* Info.plist */,
				335240F7C9F81BE76F32A381 /* Application */,
				33524D72368A43AD1FFD2F9E /* Resources */,
			);
			path = "Codeforces Watcher";
			sourceTree = "<group>";
		};
		6394361623BA116000B302A3 /* Codeforces WatcherTests */ = {
			isa = PBXGroup;
			children = (
				6394361723BA116000B302A3 /* Codeforces_WatcherTests.swift */,
				6394361923BA116000B302A3 /* Info.plist */,
			);
			path = "Codeforces WatcherTests";
			sourceTree = "<group>";
		};
		6394362123BA116000B302A3 /* Codeforces WatcherUITests */ = {
			isa = PBXGroup;
			children = (
				6394362223BA116000B302A3 /* Codeforces_WatcherUITests.swift */,
				6394362423BA116000B302A3 /* Info.plist */,
			);
			path = "Codeforces WatcherUITests";
			sourceTree = "<group>";
		};
		63B343002448B8BA00734CC5 /* adapters */ = {
			isa = PBXGroup;
			children = (
				63EAA0F52445EA6600C234A8 /* UsersTableViewAdapter.swift */,
				63EAA1062448749200C234A8 /* UsersPickerViewAdapter.swift */,
			);
			path = adapters;
			sourceTree = "<group>";
		};
		63B343052449E39600734CC5 /* models */ = {
			isa = PBXGroup;
			children = (
				63B343062449E3BE00734CC5 /* ChartMarker.swift */,
			);
			path = models;
			sourceTree = "<group>";
		};
		63EAA0C9243DFBD000C234A8 /* common */ = {
			isa = PBXGroup;
			children = (
				63FB270823E1AA50005F19F1 /* WebViewController.swift */,
				63EAA0E62444719C00C234A8 /* UIViewControllerWithFab.swift */,
				63EAA0FA2446FF6A00C234A8 /* NoItemsTableViewCell.swift */,
				63B343032449C31C00734CC5 /* UIViewControllerWithCross.swift */,
			);
			path = common;
			sourceTree = "<group>";
		};
		63EAA0CA243DFBF500C234A8 /* filters */ = {
			isa = PBXGroup;
			children = (
				63EAA0CE243EFF1800C234A8 /* models */,
				63EAA0CB243DFC0200C234A8 /* cells */,
				633B4CF523E078380099EF41 /* FiltersViewController.swift */,
				633B4CF723E07F150099EF41 /* FiltersTableViewAdapter.swift */,
			);
			path = filters;
			sourceTree = "<group>";
		};
		63EAA0CB243DFC0200C234A8 /* cells */ = {
			isa = PBXGroup;
			children = (
				633B4CF923E083A10099EF41 /* FilterTableViewCell.swift */,
			);
			path = cells;
			sourceTree = "<group>";
		};
		63EAA0CE243EFF1800C234A8 /* models */ = {
			isa = PBXGroup;
			children = (
				63EAA0CF243EFF2400C234A8 /* FilterItem.swift */,
			);
			path = models;
			sourceTree = "<group>";
		};
		63EAA0D1243F264900C234A8 /* utils */ = {
			isa = PBXGroup;
			children = (
				638C392524361AC100DB33A3 /* IOSToastHandler.swift */,
				638C39272437277F00DB33A3 /* Prefs.swift */,
			);
			path = utils;
			sourceTree = "<group>";
		};
		63EAA0D2243F278100C234A8 /* images */ = {
			isa = PBXGroup;
			children = (
				33524E5965FC1E035C33B136 /* no-image.jpg */,
			);
			path = images;
			sourceTree = "<group>";
		};
		63EAA0D3243F278B00C234A8 /* fonts */ = {
			isa = PBXGroup;
			children = (
				63EAA101244854CA00C234A8 /* Roboto-Medium.ttf */,
				335242613B8CB2FCFF5CD07A /* Roboto-Regular.ttf */,
			);
			path = fonts;
			sourceTree = "<group>";
		};
		63EAA0E8244474BB00C234A8 /* labels */ = {
			isa = PBXGroup;
			children = (
				63EAA0EB2444760300C234A8 /* BodyLabel.swift */,
				63EAA0ED244476C100C234A8 /* HeadingLabel.swift */,
				63EAA0E9244474DC00C234A8 /* SubheadingLabel.swift */,
				63EAA0F12445AA3100C234A8 /* SubheadingBigLabel.swift */,
			);
			path = labels;
			sourceTree = "<group>";
		};
		63EAA0F72445EAB700C234A8 /* cells */ = {
			isa = PBXGroup;
			children = (
				63EAA0F82445EC9100C234A8 /* UserTableViewCell.swift */,
			);
			path = cells;
			sourceTree = "<group>";
		};
		63EAA0FC24470B8B00C234A8 /* cardViews */ = {
			isa = PBXGroup;
			children = (
				3352449F83A3B6FE1CA12CE9 /* CardView.swift */,
				63EAA0FD24470BA000C234A8 /* AddUserCardView.swift */,
				63EAA0EF24447EB000C234A8 /* PinnedPostCardView.swift */,
				63F02C012462EF1D00B1CD2C /* RateUsCardView.swift */,
			);
			path = cardViews;
			sourceTree = "<group>";
		};
		63EAA1032448553500C234A8 /* buttons */ = {
			isa = PBXGroup;
			children = (
				63EAA1042448554400C234A8 /* CommonButton.swift */,
				63F02C032462F0B000B1CD2C /* SmallButton.swift */,
			);
			path = buttons;
			sourceTree = "<group>";
		};
		63EB12F223CF24F10013A974 /* contests */ = {
			isa = PBXGroup;
			children = (
				63EAA0CA243DFBF500C234A8 /* filters */,
				63736EFE23CF6523001E9AB9 /* cells */,
				63736EFC23CF6405001E9AB9 /* ContestsViewController.swift */,
				63736F0823CF67FC001E9AB9 /* ContestsTableViewAdapter.swift */,
			);
			path = contests;
			sourceTree = "<group>";
		};
/* End PBXGroup section */

/* Begin PBXNativeTarget section */
		639435FC23BA115C00B302A3 /* Codeforces Watcher */ = {
			isa = PBXNativeTarget;
			buildConfigurationList = 6394362723BA116000B302A3 /* Build configuration list for PBXNativeTarget "Codeforces Watcher" */;
			buildPhases = (
				3142C6242F0D5423CD5344E2 /* [CP] Check Pods Manifest.lock */,
				639435F923BA115C00B302A3 /* Sources */,
				639435FA23BA115C00B302A3 /* Frameworks */,
				639435FB23BA115C00B302A3 /* Resources */,
				637C49BA23CE243F00D5069A /* Firebase Crashlytics */,
				B4F37559F8143C47C46A56FF /* [CP] Embed Pods Frameworks */,
			);
			buildRules = (
			);
			dependencies = (
			);
			name = "Codeforces Watcher";
			productName = "Codeforces Watcher";
			productReference = 639435FD23BA115C00B302A3 /* Codeforces WatchR.app */;
			productType = "com.apple.product-type.application";
		};
		6394361223BA116000B302A3 /* Codeforces WatcherTests */ = {
			isa = PBXNativeTarget;
			buildConfigurationList = 6394362A23BA116000B302A3 /* Build configuration list for PBXNativeTarget "Codeforces WatcherTests" */;
			buildPhases = (
				93A30BA90041DEC15E88A689 /* [CP] Check Pods Manifest.lock */,
				6394360F23BA116000B302A3 /* Sources */,
				6394361023BA116000B302A3 /* Frameworks */,
				6394361123BA116000B302A3 /* Resources */,
			);
			buildRules = (
			);
			dependencies = (
				6394361523BA116000B302A3 /* PBXTargetDependency */,
			);
			name = "Codeforces WatcherTests";
			productName = "Codeforces WatcherTests";
			productReference = 6394361323BA116000B302A3 /* Codeforces WatcherTests.xctest */;
			productType = "com.apple.product-type.bundle.unit-test";
		};
		6394361D23BA116000B302A3 /* Codeforces WatcherUITests */ = {
			isa = PBXNativeTarget;
			buildConfigurationList = 6394362D23BA116000B302A3 /* Build configuration list for PBXNativeTarget "Codeforces WatcherUITests" */;
			buildPhases = (
				C539FB4271C830DEDE4274ED /* [CP] Check Pods Manifest.lock */,
				6394361A23BA116000B302A3 /* Sources */,
				6394361B23BA116000B302A3 /* Frameworks */,
				6394361C23BA116000B302A3 /* Resources */,
				DD6285D1419A686B2B87CE11 /* [CP] Embed Pods Frameworks */,
			);
			buildRules = (
			);
			dependencies = (
				6394362023BA116000B302A3 /* PBXTargetDependency */,
			);
			name = "Codeforces WatcherUITests";
			productName = "Codeforces WatcherUITests";
			productReference = 6394361E23BA116000B302A3 /* Codeforces WatcherUITests.xctest */;
			productType = "com.apple.product-type.bundle.ui-testing";
		};
/* End PBXNativeTarget section */

/* Begin PBXProject section */
		639435F523BA115C00B302A3 /* Project object */ = {
			isa = PBXProject;
			attributes = {
				LastSwiftUpdateCheck = 1130;
				LastUpgradeCheck = 1130;
				ORGANIZATIONNAME = xorum.io;
				TargetAttributes = {
					639435FC23BA115C00B302A3 = {
						CreatedOnToolsVersion = 11.3;
					};
					6394361223BA116000B302A3 = {
						CreatedOnToolsVersion = 11.3;
						TestTargetID = 639435FC23BA115C00B302A3;
					};
					6394361D23BA116000B302A3 = {
						CreatedOnToolsVersion = 11.3;
						TestTargetID = 639435FC23BA115C00B302A3;
					};
				};
			};
			buildConfigurationList = 639435F823BA115C00B302A3 /* Build configuration list for PBXProject "Codeforces Watcher" */;
			compatibilityVersion = "Xcode 9.3";
			developmentRegion = en;
			hasScannedForEncodings = 0;
			knownRegions = (
				en,
				Base,
				hi,
				ru,
				uk,
			);
			mainGroup = 639435F423BA115C00B302A3;
			productRefGroup = 639435FE23BA115C00B302A3 /* Products */;
			projectDirPath = "";
			projectRoot = "";
			targets = (
				639435FC23BA115C00B302A3 /* Codeforces Watcher */,
				6394361223BA116000B302A3 /* Codeforces WatcherTests */,
				6394361D23BA116000B302A3 /* Codeforces WatcherUITests */,
			);
		};
/* End PBXProject section */

/* Begin PBXResourcesBuildPhase section */
		639435FB23BA115C00B302A3 /* Resources */ = {
			isa = PBXResourcesBuildPhase;
			buildActionMask = 2147483647;
			files = (
				33524345B234AE1F2804F64E /* Localizable.strings in Resources */,
				335243F2682C1A8F3A9AE1CA /* no-image.jpg in Resources */,
				63EAA102244854CA00C234A8 /* Roboto-Medium.ttf in Resources */,
				B1E1B3F423C91D51006A7347 /* Assets.xcassets in Resources */,
				335243A8CBE3634A99524B33 /* Roboto-Regular.ttf in Resources */,
				63EB12EF23CF1B310013A974 /* GoogleService-Info.plist in Resources */,
			);
			runOnlyForDeploymentPostprocessing = 0;
		};
		6394361123BA116000B302A3 /* Resources */ = {
			isa = PBXResourcesBuildPhase;
			buildActionMask = 2147483647;
			files = (
			);
			runOnlyForDeploymentPostprocessing = 0;
		};
		6394361C23BA116000B302A3 /* Resources */ = {
			isa = PBXResourcesBuildPhase;
			buildActionMask = 2147483647;
			files = (
			);
			runOnlyForDeploymentPostprocessing = 0;
		};
/* End PBXResourcesBuildPhase section */

/* Begin PBXShellScriptBuildPhase section */
		3142C6242F0D5423CD5344E2 /* [CP] Check Pods Manifest.lock */ = {
			isa = PBXShellScriptBuildPhase;
			buildActionMask = 2147483647;
			files = (
			);
			inputFileListPaths = (
			);
			inputPaths = (
				"${PODS_PODFILE_DIR_PATH}/Podfile.lock",
				"${PODS_ROOT}/Manifest.lock",
			);
			name = "[CP] Check Pods Manifest.lock";
			outputFileListPaths = (
			);
			outputPaths = (
				"$(DERIVED_FILE_DIR)/Pods-Codeforces Watcher-checkManifestLockResult.txt",
			);
			runOnlyForDeploymentPostprocessing = 0;
			shellPath = /bin/sh;
			shellScript = "diff \"${PODS_PODFILE_DIR_PATH}/Podfile.lock\" \"${PODS_ROOT}/Manifest.lock\" > /dev/null\nif [ $? != 0 ] ; then\n    # print error to STDERR\n    echo \"error: The sandbox is not in sync with the Podfile.lock. Run 'pod install' or update your CocoaPods installation.\" >&2\n    exit 1\nfi\n# This output is used by Xcode 'outputs' to avoid re-running this script phase.\necho \"SUCCESS\" > \"${SCRIPT_OUTPUT_FILE_0}\"\n";
			showEnvVarsInLog = 0;
		};
		637C49BA23CE243F00D5069A /* Firebase Crashlytics */ = {
			isa = PBXShellScriptBuildPhase;
			buildActionMask = 2147483647;
			files = (
			);
			inputFileListPaths = (
			);
			inputPaths = (
			);
			name = "Firebase Crashlytics";
			outputFileListPaths = (
			);
			outputPaths = (
			);
			runOnlyForDeploymentPostprocessing = 0;
			shellPath = /bin/sh;
			shellScript = "\"${PODS_ROOT}/Fabric/run\"\n";
		};
		93A30BA90041DEC15E88A689 /* [CP] Check Pods Manifest.lock */ = {
			isa = PBXShellScriptBuildPhase;
			buildActionMask = 2147483647;
			files = (
			);
			inputFileListPaths = (
			);
			inputPaths = (
				"${PODS_PODFILE_DIR_PATH}/Podfile.lock",
				"${PODS_ROOT}/Manifest.lock",
			);
			name = "[CP] Check Pods Manifest.lock";
			outputFileListPaths = (
			);
			outputPaths = (
				"$(DERIVED_FILE_DIR)/Pods-Codeforces WatcherTests-checkManifestLockResult.txt",
			);
			runOnlyForDeploymentPostprocessing = 0;
			shellPath = /bin/sh;
			shellScript = "diff \"${PODS_PODFILE_DIR_PATH}/Podfile.lock\" \"${PODS_ROOT}/Manifest.lock\" > /dev/null\nif [ $? != 0 ] ; then\n    # print error to STDERR\n    echo \"error: The sandbox is not in sync with the Podfile.lock. Run 'pod install' or update your CocoaPods installation.\" >&2\n    exit 1\nfi\n# This output is used by Xcode 'outputs' to avoid re-running this script phase.\necho \"SUCCESS\" > \"${SCRIPT_OUTPUT_FILE_0}\"\n";
			showEnvVarsInLog = 0;
		};
		B4F37559F8143C47C46A56FF /* [CP] Embed Pods Frameworks */ = {
			isa = PBXShellScriptBuildPhase;
			buildActionMask = 2147483647;
			files = (
			);
			inputFileListPaths = (
				"${PODS_ROOT}/Target Support Files/Pods-Codeforces Watcher/Pods-Codeforces Watcher-frameworks-${CONFIGURATION}-input-files.xcfilelist",
			);
			name = "[CP] Embed Pods Frameworks";
			outputFileListPaths = (
				"${PODS_ROOT}/Target Support Files/Pods-Codeforces Watcher/Pods-Codeforces Watcher-frameworks-${CONFIGURATION}-output-files.xcfilelist",
			);
			runOnlyForDeploymentPostprocessing = 0;
			shellPath = /bin/sh;
			shellScript = "\"${PODS_ROOT}/Target Support Files/Pods-Codeforces Watcher/Pods-Codeforces Watcher-frameworks.sh\"\n";
			showEnvVarsInLog = 0;
		};
		C539FB4271C830DEDE4274ED /* [CP] Check Pods Manifest.lock */ = {
			isa = PBXShellScriptBuildPhase;
			buildActionMask = 2147483647;
			files = (
			);
			inputFileListPaths = (
			);
			inputPaths = (
				"${PODS_PODFILE_DIR_PATH}/Podfile.lock",
				"${PODS_ROOT}/Manifest.lock",
			);
			name = "[CP] Check Pods Manifest.lock";
			outputFileListPaths = (
			);
			outputPaths = (
				"$(DERIVED_FILE_DIR)/Pods-Codeforces Watcher-Codeforces WatcherUITests-checkManifestLockResult.txt",
			);
			runOnlyForDeploymentPostprocessing = 0;
			shellPath = /bin/sh;
			shellScript = "diff \"${PODS_PODFILE_DIR_PATH}/Podfile.lock\" \"${PODS_ROOT}/Manifest.lock\" > /dev/null\nif [ $? != 0 ] ; then\n    # print error to STDERR\n    echo \"error: The sandbox is not in sync with the Podfile.lock. Run 'pod install' or update your CocoaPods installation.\" >&2\n    exit 1\nfi\n# This output is used by Xcode 'outputs' to avoid re-running this script phase.\necho \"SUCCESS\" > \"${SCRIPT_OUTPUT_FILE_0}\"\n";
			showEnvVarsInLog = 0;
		};
		DD6285D1419A686B2B87CE11 /* [CP] Embed Pods Frameworks */ = {
			isa = PBXShellScriptBuildPhase;
			buildActionMask = 2147483647;
			files = (
			);
			inputFileListPaths = (
				"${PODS_ROOT}/Target Support Files/Pods-Codeforces Watcher-Codeforces WatcherUITests/Pods-Codeforces Watcher-Codeforces WatcherUITests-frameworks-${CONFIGURATION}-input-files.xcfilelist",
			);
			name = "[CP] Embed Pods Frameworks";
			outputFileListPaths = (
				"${PODS_ROOT}/Target Support Files/Pods-Codeforces Watcher-Codeforces WatcherUITests/Pods-Codeforces Watcher-Codeforces WatcherUITests-frameworks-${CONFIGURATION}-output-files.xcfilelist",
			);
			runOnlyForDeploymentPostprocessing = 0;
			shellPath = /bin/sh;
			shellScript = "\"${PODS_ROOT}/Target Support Files/Pods-Codeforces Watcher-Codeforces WatcherUITests/Pods-Codeforces Watcher-Codeforces WatcherUITests-frameworks.sh\"\n";
			showEnvVarsInLog = 0;
		};
/* End PBXShellScriptBuildPhase section */

/* Begin PBXSourcesBuildPhase section */
		639435F923BA115C00B302A3 /* Sources */ = {
			isa = PBXSourcesBuildPhase;
			buildActionMask = 2147483647;
			files = (
				63F02C002462E8F700B1CD2C /* FeedbackController.swift in Sources */,
				63EAA0EE244476C100C234A8 /* HeadingLabel.swift in Sources */,
				63EAA0FE24470BA000C234A8 /* AddUserCardView.swift in Sources */,
				33524E698A1B05C3FAB1E720 /* Font.swift in Sources */,
				33524789EFFED3D6CA62DEE5 /* Palette.swift in Sources */,
				33524FEAE56CD4737349DE6A /* Constants.swift in Sources */,
				63EAA0F92445EC9100C234A8 /* UserTableViewCell.swift in Sources */,
				63736EFD23CF6405001E9AB9 /* ContestsViewController.swift in Sources */,
				33524D7137C7D47F8BE95703 /* CommentTableViewCell.swift in Sources */,
				63736F2523D1F3EC001E9AB9 /* ProblemsTableViewAdapter.swift in Sources */,
				63EAA0D0243EFF2500C234A8 /* FilterItem.swift in Sources */,
				33524585031C11024879680D /* BlogEntryTableViewCell.swift in Sources */,
				63EAA0E524445ABB00C234A8 /* CircleImageView.swift in Sources */,
				638C39282437277F00DB33A3 /* Prefs.swift in Sources */,
				63EAA0FB2446FF6A00C234A8 /* NoItemsTableViewCell.swift in Sources */,
				63736F2123D1F336001E9AB9 /* ProblemTableViewCell.swift in Sources */,
				335247826CC8C76840B8B161 /* ActionsViewController.swift in Sources */,
				63736F1F23D1F2FD001E9AB9 /* ProblemsViewController.swift in Sources */,
				33524B39CED3D72F41F01C9B /* CardView.swift in Sources */,
				63EAA0D9244047DF00C234A8 /* Platform+Extension.swift in Sources */,
				63EAA0F024447EB000C234A8 /* PinnedPostCardView.swift in Sources */,
				63F02C042462F0B000B1CD2C /* SmallButton.swift in Sources */,
				33524EA5619D62409125FD81 /* AppDelegate.swift in Sources */,
				63EB130123CF3F830013A974 /* MainViewController.swift in Sources */,
				335240BE358E7469D97B1472 /* String+Extension.swift in Sources */,
				63F02C022462EF1D00B1CD2C /* RateUsCardView.swift in Sources */,
				33524BC0E57CE4F3A2D1EC04 /* UIColor+Extension.swift in Sources */,
				3352406FDC5916F705E86498 /* ScopeFunc.swift in Sources */,
				63EAA0E72444719C00C234A8 /* UIViewControllerWithFab.swift in Sources */,
				63EAA1052448554400C234A8 /* CommonButton.swift in Sources */,
				638C392624361AC200DB33A3 /* IOSToastHandler.swift in Sources */,
				63FB270923E1AA50005F19F1 /* WebViewController.swift in Sources */,
				63EAA1072448749200C234A8 /* UsersPickerViewAdapter.swift in Sources */,
				633B4CF823E07F150099EF41 /* FiltersTableViewAdapter.swift in Sources */,
				63EAA0F62445EA6600C234A8 /* UsersTableViewAdapter.swift in Sources */,
				335240DCD1989E341210D5E1 /* TimeInterval+Extension.swift in Sources */,
				633B4CFA23E083A10099EF41 /* FilterTableViewCell.swift in Sources */,
				63B342FF2448B8AB00734CC5 /* UserViewController.swift in Sources */,
				63B343042449C31C00734CC5 /* UIViewControllerWithCross.swift in Sources */,
				63EAA0DB244051F100C234A8 /* UsersViewController.swift in Sources */,
				63603E6923DF2ADC00F86BC0 /* Double+Extension.swift in Sources */,
				335248243065D1A2585B79FE /* ActionsTableViewAdapter.swift in Sources */,
				633B4CF623E078380099EF41 /* FiltersViewController.swift in Sources */,
				63EAA0EC2444760300C234A8 /* BodyLabel.swift in Sources */,
				63EAA1002447121500C234A8 /* CommonTextField.swift in Sources */,
				335249EE055A0D7C9B31CE68 /* UITableView+Extension.swift in Sources */,
				33524AE3A0B0A7C674038501 /* UITableViewCell+Extension.swift in Sources */,
				63736F0023CF6557001E9AB9 /* ContestTableViewCell.swift in Sources */,
				63736F0923CF67FC001E9AB9 /* ContestsTableViewAdapter.swift in Sources */,
				63EAA0F22445AA3100C234A8 /* SubheadingBigLabel.swift in Sources */,
				63B343022449C16100734CC5 /* UIViewController+Extension.swift in Sources */,
				63EAA0EA244474DC00C234A8 /* SubheadingLabel.swift in Sources */,
				63B343072449E3BE00734CC5 /* ChartMarker.swift in Sources */,
				33524DD18E818A18FEE9B1E8 /* ContestsRulesView.swift in Sources */,
			);
			runOnlyForDeploymentPostprocessing = 0;
		};
		6394360F23BA116000B302A3 /* Sources */ = {
			isa = PBXSourcesBuildPhase;
			buildActionMask = 2147483647;
			files = (
				6394361823BA116000B302A3 /* Codeforces_WatcherTests.swift in Sources */,
				63736F2623D1F3EC001E9AB9 /* ProblemsTableViewAdapter.swift in Sources */,
				63736F2223D1F336001E9AB9 /* ProblemTableViewCell.swift in Sources */,
			);
			runOnlyForDeploymentPostprocessing = 0;
		};
		6394361A23BA116000B302A3 /* Sources */ = {
			isa = PBXSourcesBuildPhase;
			buildActionMask = 2147483647;
			files = (
				6394362323BA116000B302A3 /* Codeforces_WatcherUITests.swift in Sources */,
				63736F2723D1F3EC001E9AB9 /* ProblemsTableViewAdapter.swift in Sources */,
				63736F2323D1F336001E9AB9 /* ProblemTableViewCell.swift in Sources */,
			);
			runOnlyForDeploymentPostprocessing = 0;
		};
/* End PBXSourcesBuildPhase section */

/* Begin PBXTargetDependency section */
		6394361523BA116000B302A3 /* PBXTargetDependency */ = {
			isa = PBXTargetDependency;
			target = 639435FC23BA115C00B302A3 /* Codeforces Watcher */;
			targetProxy = 6394361423BA116000B302A3 /* PBXContainerItemProxy */;
		};
		6394362023BA116000B302A3 /* PBXTargetDependency */ = {
			isa = PBXTargetDependency;
			target = 639435FC23BA115C00B302A3 /* Codeforces Watcher */;
			targetProxy = 6394361F23BA116000B302A3 /* PBXContainerItemProxy */;
		};
/* End PBXTargetDependency section */

/* Begin PBXVariantGroup section */
		335240C0BF4B6E64B855CE0C /* Localizable.strings */ = {
			isa = PBXVariantGroup;
			children = (
				3352466D562397EB9C2CE83E /* Base */,
				63F02BFC246083C300B1CD2C /* hi */,
				63F02BFD24608D2600B1CD2C /* ru */,
				63F02BFE2461617E00B1CD2C /* uk */,
			);
			name = Localizable.strings;
			sourceTree = "<group>";
		};
/* End PBXVariantGroup section */

/* Begin XCBuildConfiguration section */
		6394362523BA116000B302A3 /* Debug */ = {
			isa = XCBuildConfiguration;
			buildSettings = {
				ALWAYS_SEARCH_USER_PATHS = NO;
				CLANG_ANALYZER_LOCALIZABILITY_NONLOCALIZED = YES;
				CLANG_ANALYZER_NONNULL = YES;
				CLANG_ANALYZER_NUMBER_OBJECT_CONVERSION = YES_AGGRESSIVE;
				CLANG_CXX_LANGUAGE_STANDARD = "gnu++14";
				CLANG_CXX_LIBRARY = "libc++";
				CLANG_ENABLE_MODULES = YES;
				CLANG_ENABLE_OBJC_ARC = YES;
				CLANG_ENABLE_OBJC_WEAK = YES;
				CLANG_WARN_BLOCK_CAPTURE_AUTORELEASING = YES;
				CLANG_WARN_BOOL_CONVERSION = YES;
				CLANG_WARN_COMMA = YES;
				CLANG_WARN_CONSTANT_CONVERSION = YES;
				CLANG_WARN_DEPRECATED_OBJC_IMPLEMENTATIONS = YES;
				CLANG_WARN_DIRECT_OBJC_ISA_USAGE = YES_ERROR;
				CLANG_WARN_DOCUMENTATION_COMMENTS = YES;
				CLANG_WARN_EMPTY_BODY = YES;
				CLANG_WARN_ENUM_CONVERSION = YES;
				CLANG_WARN_INFINITE_RECURSION = YES;
				CLANG_WARN_INT_CONVERSION = YES;
				CLANG_WARN_NON_LITERAL_NULL_CONVERSION = YES;
				CLANG_WARN_OBJC_IMPLICIT_RETAIN_SELF = YES;
				CLANG_WARN_OBJC_LITERAL_CONVERSION = YES;
				CLANG_WARN_OBJC_ROOT_CLASS = YES_ERROR;
				CLANG_WARN_RANGE_LOOP_ANALYSIS = YES;
				CLANG_WARN_STRICT_PROTOTYPES = YES;
				CLANG_WARN_SUSPICIOUS_MOVE = YES;
				CLANG_WARN_UNGUARDED_AVAILABILITY = YES_AGGRESSIVE;
				CLANG_WARN_UNREACHABLE_CODE = YES;
				CLANG_WARN__DUPLICATE_METHOD_MATCH = YES;
				COPY_PHASE_STRIP = NO;
				DEBUG_INFORMATION_FORMAT = "dwarf-with-dsym";
				ENABLE_STRICT_OBJC_MSGSEND = YES;
				ENABLE_TESTABILITY = YES;
				GCC_C_LANGUAGE_STANDARD = gnu11;
				GCC_DYNAMIC_NO_PIC = NO;
				GCC_NO_COMMON_BLOCKS = YES;
				GCC_OPTIMIZATION_LEVEL = 0;
				GCC_PREPROCESSOR_DEFINITIONS = (
					"DEBUG=1",
					"$(inherited)",
				);
				GCC_WARN_64_TO_32_BIT_CONVERSION = YES;
				GCC_WARN_ABOUT_RETURN_TYPE = YES_ERROR;
				GCC_WARN_UNDECLARED_SELECTOR = YES;
				GCC_WARN_UNINITIALIZED_AUTOS = YES_AGGRESSIVE;
				GCC_WARN_UNUSED_FUNCTION = YES;
				GCC_WARN_UNUSED_VARIABLE = YES;
				IPHONEOS_DEPLOYMENT_TARGET = 13.2;
				MTL_ENABLE_DEBUG_INFO = INCLUDE_SOURCE;
				MTL_FAST_MATH = YES;
				ONLY_ACTIVE_ARCH = YES;
				SDKROOT = iphoneos;
				SWIFT_ACTIVE_COMPILATION_CONDITIONS = DEBUG;
				SWIFT_OPTIMIZATION_LEVEL = "-Onone";
			};
			name = Debug;
		};
		6394362623BA116000B302A3 /* Release */ = {
			isa = XCBuildConfiguration;
			buildSettings = {
				ALWAYS_SEARCH_USER_PATHS = NO;
				CLANG_ANALYZER_LOCALIZABILITY_NONLOCALIZED = YES;
				CLANG_ANALYZER_NONNULL = YES;
				CLANG_ANALYZER_NUMBER_OBJECT_CONVERSION = YES_AGGRESSIVE;
				CLANG_CXX_LANGUAGE_STANDARD = "gnu++14";
				CLANG_CXX_LIBRARY = "libc++";
				CLANG_ENABLE_MODULES = YES;
				CLANG_ENABLE_OBJC_ARC = YES;
				CLANG_ENABLE_OBJC_WEAK = YES;
				CLANG_WARN_BLOCK_CAPTURE_AUTORELEASING = YES;
				CLANG_WARN_BOOL_CONVERSION = YES;
				CLANG_WARN_COMMA = YES;
				CLANG_WARN_CONSTANT_CONVERSION = YES;
				CLANG_WARN_DEPRECATED_OBJC_IMPLEMENTATIONS = YES;
				CLANG_WARN_DIRECT_OBJC_ISA_USAGE = YES_ERROR;
				CLANG_WARN_DOCUMENTATION_COMMENTS = YES;
				CLANG_WARN_EMPTY_BODY = YES;
				CLANG_WARN_ENUM_CONVERSION = YES;
				CLANG_WARN_INFINITE_RECURSION = YES;
				CLANG_WARN_INT_CONVERSION = YES;
				CLANG_WARN_NON_LITERAL_NULL_CONVERSION = YES;
				CLANG_WARN_OBJC_IMPLICIT_RETAIN_SELF = YES;
				CLANG_WARN_OBJC_LITERAL_CONVERSION = YES;
				CLANG_WARN_OBJC_ROOT_CLASS = YES_ERROR;
				CLANG_WARN_RANGE_LOOP_ANALYSIS = YES;
				CLANG_WARN_STRICT_PROTOTYPES = YES;
				CLANG_WARN_SUSPICIOUS_MOVE = YES;
				CLANG_WARN_UNGUARDED_AVAILABILITY = YES_AGGRESSIVE;
				CLANG_WARN_UNREACHABLE_CODE = YES;
				CLANG_WARN__DUPLICATE_METHOD_MATCH = YES;
				COPY_PHASE_STRIP = NO;
				DEBUG_INFORMATION_FORMAT = "dwarf-with-dsym";
				ENABLE_NS_ASSERTIONS = NO;
				ENABLE_STRICT_OBJC_MSGSEND = YES;
				GCC_C_LANGUAGE_STANDARD = gnu11;
				GCC_NO_COMMON_BLOCKS = YES;
				GCC_WARN_64_TO_32_BIT_CONVERSION = YES;
				GCC_WARN_ABOUT_RETURN_TYPE = YES_ERROR;
				GCC_WARN_UNDECLARED_SELECTOR = YES;
				GCC_WARN_UNINITIALIZED_AUTOS = YES_AGGRESSIVE;
				GCC_WARN_UNUSED_FUNCTION = YES;
				GCC_WARN_UNUSED_VARIABLE = YES;
				IPHONEOS_DEPLOYMENT_TARGET = 13.2;
				MTL_ENABLE_DEBUG_INFO = NO;
				MTL_FAST_MATH = YES;
				SDKROOT = iphoneos;
				SWIFT_COMPILATION_MODE = wholemodule;
				SWIFT_OPTIMIZATION_LEVEL = "-O";
				VALIDATE_PRODUCT = YES;
			};
			name = Release;
		};
		6394362823BA116000B302A3 /* Debug */ = {
			isa = XCBuildConfiguration;
			baseConfigurationReference = F8482A7E5F2C02DC16FE0A9D /* Pods-Codeforces Watcher.debug.xcconfig */;
			buildSettings = {
				ASSETCATALOG_COMPILER_APPICON_NAME = AppIcon;
				CODE_SIGN_IDENTITY = "iPhone Distribution";
				CODE_SIGN_STYLE = Manual;
				CURRENT_PROJECT_VERSION = 8;
				DEVELOPMENT_TEAM = PLQN44T543;
				ENABLE_PREVIEWS = YES;
				INFOPLIST_FILE = "Codeforces Watcher/Info.plist";
				IPHONEOS_DEPLOYMENT_TARGET = 11.0;
				LD_RUNPATH_SEARCH_PATHS = (
					"$(inherited)",
					"@executable_path/Frameworks",
				);
				MARKETING_VERSION = 1.5.5;
				PRODUCT_BUNDLE_IDENTIFIER = io.xorum.codeforceswatcher;
				PRODUCT_NAME = "Codeforces WatchR";
				PROVISIONING_PROFILE_SPECIFIER = "Codeforces WatchR Distribution";
				SWIFT_VERSION = 5.0;
				TARGETED_DEVICE_FAMILY = "1,2";
			};
			name = Debug;
		};
		6394362923BA116000B302A3 /* Release */ = {
			isa = XCBuildConfiguration;
			baseConfigurationReference = C49F341E5A0DE5F18995C4B2 /* Pods-Codeforces Watcher.release.xcconfig */;
			buildSettings = {
				ASSETCATALOG_COMPILER_APPICON_NAME = AppIcon;
				CODE_SIGN_IDENTITY = "iPhone Distribution";
				CODE_SIGN_STYLE = Manual;
				CURRENT_PROJECT_VERSION = 8;
				DEVELOPMENT_TEAM = PLQN44T543;
				ENABLE_PREVIEWS = YES;
				INFOPLIST_FILE = "Codeforces Watcher/Info.plist";
				IPHONEOS_DEPLOYMENT_TARGET = 11.0;
				LD_RUNPATH_SEARCH_PATHS = (
					"$(inherited)",
					"@executable_path/Frameworks",
				);
				MARKETING_VERSION = 1.5.5;
				PRODUCT_BUNDLE_IDENTIFIER = io.xorum.codeforceswatcher;
				PRODUCT_NAME = "Codeforces WatchR";
				PROVISIONING_PROFILE_SPECIFIER = "Codeforces WatchR Distribution";
				SWIFT_VERSION = 5.0;
				TARGETED_DEVICE_FAMILY = "1,2";
			};
			name = Release;
		};
		6394362B23BA116000B302A3 /* Debug */ = {
			isa = XCBuildConfiguration;
			baseConfigurationReference = D2AFDC797637A39319298A16 /* Pods-Codeforces WatcherTests.debug.xcconfig */;
			buildSettings = {
				ALWAYS_EMBED_SWIFT_STANDARD_LIBRARIES = YES;
				BUNDLE_LOADER = "$(TEST_HOST)";
				CODE_SIGN_STYLE = Automatic;
				INFOPLIST_FILE = "Codeforces WatcherTests/Info.plist";
				IPHONEOS_DEPLOYMENT_TARGET = 13.2;
				LD_RUNPATH_SEARCH_PATHS = (
					"$(inherited)",
					"@executable_path/Frameworks",
					"@loader_path/Frameworks",
				);
				PRODUCT_BUNDLE_IDENTIFIER = "io.xorum.codeforceswatcher.Codeforces-WatcherTests";
				PRODUCT_NAME = "$(TARGET_NAME)";
				SWIFT_VERSION = 5.0;
				TARGETED_DEVICE_FAMILY = "1,2";
				TEST_HOST = "$(BUILT_PRODUCTS_DIR)/Codeforces Watcher.app/Codeforces Watcher";
			};
			name = Debug;
		};
		6394362C23BA116000B302A3 /* Release */ = {
			isa = XCBuildConfiguration;
			baseConfigurationReference = DD2B51C23F440C8D7D81F669 /* Pods-Codeforces WatcherTests.release.xcconfig */;
			buildSettings = {
				ALWAYS_EMBED_SWIFT_STANDARD_LIBRARIES = YES;
				BUNDLE_LOADER = "$(TEST_HOST)";
				CODE_SIGN_STYLE = Automatic;
				INFOPLIST_FILE = "Codeforces WatcherTests/Info.plist";
				IPHONEOS_DEPLOYMENT_TARGET = 13.2;
				LD_RUNPATH_SEARCH_PATHS = (
					"$(inherited)",
					"@executable_path/Frameworks",
					"@loader_path/Frameworks",
				);
				PRODUCT_BUNDLE_IDENTIFIER = "io.xorum.codeforceswatcher.Codeforces-WatcherTests";
				PRODUCT_NAME = "$(TARGET_NAME)";
				SWIFT_VERSION = 5.0;
				TARGETED_DEVICE_FAMILY = "1,2";
				TEST_HOST = "$(BUILT_PRODUCTS_DIR)/Codeforces Watcher.app/Codeforces Watcher";
			};
			name = Release;
		};
		6394362E23BA116000B302A3 /* Debug */ = {
			isa = XCBuildConfiguration;
			baseConfigurationReference = 24B599C93F574D973F8BE91E /* Pods-Codeforces Watcher-Codeforces WatcherUITests.debug.xcconfig */;
			buildSettings = {
				ALWAYS_EMBED_SWIFT_STANDARD_LIBRARIES = YES;
				CODE_SIGN_STYLE = Automatic;
				INFOPLIST_FILE = "Codeforces WatcherUITests/Info.plist";
				LD_RUNPATH_SEARCH_PATHS = (
					"$(inherited)",
					"@executable_path/Frameworks",
					"@loader_path/Frameworks",
				);
				PRODUCT_BUNDLE_IDENTIFIER = "io.xorum.codeforceswatcher.Codeforces-WatcherUITests";
				PRODUCT_NAME = "$(TARGET_NAME)";
				SWIFT_VERSION = 5.0;
				TARGETED_DEVICE_FAMILY = "1,2";
				TEST_TARGET_NAME = "Codeforces Watcher";
			};
			name = Debug;
		};
		6394362F23BA116000B302A3 /* Release */ = {
			isa = XCBuildConfiguration;
			baseConfigurationReference = EC11D9D95EDB6739ECB3CF80 /* Pods-Codeforces Watcher-Codeforces WatcherUITests.release.xcconfig */;
			buildSettings = {
				ALWAYS_EMBED_SWIFT_STANDARD_LIBRARIES = YES;
				CODE_SIGN_STYLE = Automatic;
				INFOPLIST_FILE = "Codeforces WatcherUITests/Info.plist";
				LD_RUNPATH_SEARCH_PATHS = (
					"$(inherited)",
					"@executable_path/Frameworks",
					"@loader_path/Frameworks",
				);
				PRODUCT_BUNDLE_IDENTIFIER = "io.xorum.codeforceswatcher.Codeforces-WatcherUITests";
				PRODUCT_NAME = "$(TARGET_NAME)";
				SWIFT_VERSION = 5.0;
				TARGETED_DEVICE_FAMILY = "1,2";
				TEST_TARGET_NAME = "Codeforces Watcher";
			};
			name = Release;
		};
/* End XCBuildConfiguration section */

/* Begin XCConfigurationList section */
		639435F823BA115C00B302A3 /* Build configuration list for PBXProject "Codeforces Watcher" */ = {
			isa = XCConfigurationList;
			buildConfigurations = (
				6394362523BA116000B302A3 /* Debug */,
				6394362623BA116000B302A3 /* Release */,
			);
			defaultConfigurationIsVisible = 0;
			defaultConfigurationName = Release;
		};
		6394362723BA116000B302A3 /* Build configuration list for PBXNativeTarget "Codeforces Watcher" */ = {
			isa = XCConfigurationList;
			buildConfigurations = (
				6394362823BA116000B302A3 /* Debug */,
				6394362923BA116000B302A3 /* Release */,
			);
			defaultConfigurationIsVisible = 0;
			defaultConfigurationName = Release;
		};
		6394362A23BA116000B302A3 /* Build configuration list for PBXNativeTarget "Codeforces WatcherTests" */ = {
			isa = XCConfigurationList;
			buildConfigurations = (
				6394362B23BA116000B302A3 /* Debug */,
				6394362C23BA116000B302A3 /* Release */,
			);
			defaultConfigurationIsVisible = 0;
			defaultConfigurationName = Release;
		};
		6394362D23BA116000B302A3 /* Build configuration list for PBXNativeTarget "Codeforces WatcherUITests" */ = {
			isa = XCConfigurationList;
			buildConfigurations = (
				6394362E23BA116000B302A3 /* Debug */,
				6394362F23BA116000B302A3 /* Release */,
			);
			defaultConfigurationIsVisible = 0;
			defaultConfigurationName = Release;
		};
/* End XCConfigurationList section */
	};
	rootObject = 639435F523BA115C00B302A3 /* Project object */;
}
